k8s.io/apimachinery v0.34.2 h1:zQ12Uk3eMHPxrsbUJgNF8bTauTVR2WgqJsTmwTE/NW4=
k8s.io/apimachinery v0.34.2/go.mod h1:/GwIlEcWuTX9zKIg2mbw0LRFIsXwrfoVxn+ef0X13lw=
k8s.io/client-go v0.34.2 h1:Co6XiknN+uUZqiddlfAjT68184/37PS4QAzYvQvDR8M=
k8s.io/client-go v0.34.2/go.mod h1:2VYDl1XXJsdcAxw7BenFslRQX28Dxz91U9MWKjX97fE=
